// !$*UTF8*$!
{
	archiveVersion = 1;
	classes = {
	};
	objectVersion = 50;
	objects = {

/* Begin PBXBuildFile section */
		6E1DB83423DF47CF006A5875 /* URLExtensions.swift in Sources */ = {isa = PBXBuildFile; fileRef = 6E1DB83323DF47CF006A5875 /* URLExtensions.swift */; };
		6E1DB83623DF4975006A5875 /* StringExtension.swift in Sources */ = {isa = PBXBuildFile; fileRef = 6E1DB83523DF4975006A5875 /* StringExtension.swift */; };
		6E9E238923DD6B7800EDFEA9 /* AppDelegate.swift in Sources */ = {isa = PBXBuildFile; fileRef = 6E9E238823DD6B7800EDFEA9 /* AppDelegate.swift */; };
		6E9E238D23DD6B7800EDFEA9 /* ViewController.swift in Sources */ = {isa = PBXBuildFile; fileRef = 6E9E238C23DD6B7800EDFEA9 /* ViewController.swift */; };
		6E9E239023DD6B7800EDFEA9 /* Main.storyboard in Resources */ = {isa = PBXBuildFile; fileRef = 6E9E238E23DD6B7800EDFEA9 /* Main.storyboard */; };
		6E9E239223DD6B7900EDFEA9 /* Assets.xcassets in Resources */ = {isa = PBXBuildFile; fileRef = 6E9E239123DD6B7900EDFEA9 /* Assets.xcassets */; };
		6E9E239523DD6B7900EDFEA9 /* LaunchScreen.storyboard in Resources */ = {isa = PBXBuildFile; fileRef = 6E9E239323DD6B7900EDFEA9 /* LaunchScreen.storyboard */; };
		6E9E23A023DD6C7800EDFEA9 /* DBChooser.framework in Frameworks */ = {isa = PBXBuildFile; fileRef = 6E9E239E23DD6C7800EDFEA9 /* DBChooser.framework */; };
		6E9E23A123DD6C7800EDFEA9 /* DBChooser.bundle in Resources */ = {isa = PBXBuildFile; fileRef = 6E9E239F23DD6C7800EDFEA9 /* DBChooser.bundle */; };
		6E9E23A823DD6E4C00EDFEA9 /* Bridging-Header.h in Resources */ = {isa = PBXBuildFile; fileRef = 6E9E23A723DD6E4C00EDFEA9 /* Bridging-Header.h */; };
/* End PBXBuildFile section */

/* Begin PBXFileReference section */
		6E1DB83323DF47CF006A5875 /* URLExtensions.swift */ = {isa = PBXFileReference; lastKnownFileType = sourcecode.swift; path = URLExtensions.swift; sourceTree = "<group>"; };
		6E1DB83523DF4975006A5875 /* StringExtension.swift */ = {isa = PBXFileReference; lastKnownFileType = sourcecode.swift; path = StringExtension.swift; sourceTree = "<group>"; };
		6E9E238523DD6B7800EDFEA9 /* DropboxSDKIntegration.app */ = {isa = PBXFileReference; explicitFileType = wrapper.application; includeInIndex = 0; path = DropboxSDKIntegration.app; sourceTree = BUILT_PRODUCTS_DIR; };
		6E9E238823DD6B7800EDFEA9 /* AppDelegate.swift */ = {isa = PBXFileReference; lastKnownFileType = sourcecode.swift; path = AppDelegate.swift; sourceTree = "<group>"; };
		6E9E238C23DD6B7800EDFEA9 /* ViewController.swift */ = {isa = PBXFileReference; lastKnownFileType = sourcecode.swift; path = ViewController.swift; sourceTree = "<group>"; };
		6E9E238F23DD6B7800EDFEA9 /* Base */ = {isa = PBXFileReference; lastKnownFileType = file.storyboard; name = Base; path = Base.lproj/Main.storyboard; sourceTree = "<group>"; };
		6E9E239123DD6B7900EDFEA9 /* Assets.xcassets */ = {isa = PBXFileReference; lastKnownFileType = folder.assetcatalog; path = Assets.xcassets; sourceTree = "<group>"; };
		6E9E239423DD6B7900EDFEA9 /* Base */ = {isa = PBXFileReference; lastKnownFileType = file.storyboard; name = Base; path = Base.lproj/LaunchScreen.storyboard; sourceTree = "<group>"; };
		6E9E239623DD6B7900EDFEA9 /* Info.plist */ = {isa = PBXFileReference; lastKnownFileType = text.plist.xml; path = Info.plist; sourceTree = "<group>"; };
		6E9E239E23DD6C7800EDFEA9 /* DBChooser.framework */ = {isa = PBXFileReference; lastKnownFileType = wrapper.framework; path = DBChooser.framework; sourceTree = "<group>"; };
		6E9E239F23DD6C7800EDFEA9 /* DBChooser.bundle */ = {isa = PBXFileReference; lastKnownFileType = "wrapper.plug-in"; path = DBChooser.bundle; sourceTree = "<group>"; };
		6E9E23A723DD6E4C00EDFEA9 /* Bridging-Header.h */ = {isa = PBXFileReference; lastKnownFileType = sourcecode.c.h; path = "Bridging-Header.h"; sourceTree = "<group>"; };
/* End PBXFileReference section */

/* Begin PBXFrameworksBuildPhase section */
		6E9E238223DD6B7800EDFEA9 /* Frameworks */ = {
			isa = PBXFrameworksBuildPhase;
			buildActionMask = 2147483647;
			files = (
				6E9E23A023DD6C7800EDFEA9 /* DBChooser.framework in Frameworks */,
			);
			runOnlyForDeploymentPostprocessing = 0;
		};
/* End PBXFrameworksBuildPhase section */

/* Begin PBXGroup section */
		6E1DB83223DF47C6006A5875 /* Extensions */ = {
			isa = PBXGroup;
			children = (
				6E1DB83323DF47CF006A5875 /* URLExtensions.swift */,
				6E1DB83523DF4975006A5875 /* StringExtension.swift */,
			);
			path = Extensions;
			sourceTree = "<group>";
		};
		6E9E237C23DD6B7800EDFEA9 = {
			isa = PBXGroup;
			children = (
				6E9E238723DD6B7800EDFEA9 /* DropboxSDKIntegration */,
				6E9E23A223DD6CC600EDFEA9 /* SupportingFiles */,
				6E9E238623DD6B7800EDFEA9 /* Products */,
			);
			sourceTree = "<group>";
		};
		6E9E238623DD6B7800EDFEA9 /* Products */ = {
			isa = PBXGroup;
			children = (
				6E9E238523DD6B7800EDFEA9 /* DropboxSDKIntegration.app */,
			);
			name = Products;
			sourceTree = "<group>";
		};
		6E9E238723DD6B7800EDFEA9 /* DropboxSDKIntegration */ = {
			isa = PBXGroup;
			children = (
				6E9E239C23DD6C3000EDFEA9 /* Resources */,
				6E9E23A323DD6DFA00EDFEA9 /* MVC */,
			);
			path = DropboxSDKIntegration;
			sourceTree = "<group>";
		};
		6E9E239C23DD6C3000EDFEA9 /* Resources */ = {
			isa = PBXGroup;
			children = (
				6E1DB83223DF47C6006A5875 /* Extensions */,
				6E9E239D23DD6C4700EDFEA9 /* Libraries */,
			);
			path = Resources;
			sourceTree = "<group>";
		};
		6E9E239D23DD6C4700EDFEA9 /* Libraries */ = {
			isa = PBXGroup;
			children = (
				6E9E239F23DD6C7800EDFEA9 /* DBChooser.bundle */,
				6E9E239E23DD6C7800EDFEA9 /* DBChooser.framework */,
			);
			path = Libraries;
			sourceTree = "<group>";
		};
		6E9E23A223DD6CC600EDFEA9 /* SupportingFiles */ = {
			isa = PBXGroup;
			children = (
				6E9E238823DD6B7800EDFEA9 /* AppDelegate.swift */,
				6E9E239123DD6B7900EDFEA9 /* Assets.xcassets */,
				6E9E239323DD6B7900EDFEA9 /* LaunchScreen.storyboard */,
				6E9E239623DD6B7900EDFEA9 /* Info.plist */,
				6E9E23A723DD6E4C00EDFEA9 /* Bridging-Header.h */,
			);
			path = SupportingFiles;
			sourceTree = "<group>";
		};
		6E9E23A323DD6DFA00EDFEA9 /* MVC */ = {
			isa = PBXGroup;
			children = (
				6E9E23A423DD6E0100EDFEA9 /* Model */,
				6E9E23A623DD6E1B00EDFEA9 /* View */,
				6E9E23A523DD6E0800EDFEA9 /* Controller */,
			);
			path = MVC;
			sourceTree = "<group>";
		};
		6E9E23A423DD6E0100EDFEA9 /* Model */ = {
			isa = PBXGroup;
			children = (
			);
			path = Model;
			sourceTree = "<group>";
		};
		6E9E23A523DD6E0800EDFEA9 /* Controller */ = {
			isa = PBXGroup;
			children = (
				6E9E238C23DD6B7800EDFEA9 /* ViewController.swift */,
			);
			path = Controller;
			sourceTree = "<group>";
		};
		6E9E23A623DD6E1B00EDFEA9 /* View */ = {
			isa = PBXGroup;
			children = (
				6E9E238E23DD6B7800EDFEA9 /* Main.storyboard */,
			);
			path = View;
			sourceTree = "<group>";
		};
/* End PBXGroup section */

/* Begin PBXNativeTarget section */
		6E9E238423DD6B7800EDFEA9 /* DropboxSDKIntegration */ = {
			isa = PBXNativeTarget;
			buildConfigurationList = 6E9E239923DD6B7900EDFEA9 /* Build configuration list for PBXNativeTarget "DropboxSDKIntegration" */;
			buildPhases = (
				6E9E238123DD6B7800EDFEA9 /* Sources */,
				6E9E238223DD6B7800EDFEA9 /* Frameworks */,
				6E9E238323DD6B7800EDFEA9 /* Resources */,
			);
			buildRules = (
			);
			dependencies = (
			);
			name = DropboxSDKIntegration;
			productName = DropboxSDKIntegration;
			productReference = 6E9E238523DD6B7800EDFEA9 /* DropboxSDKIntegration.app */;
			productType = "com.apple.product-type.application";
		};
/* End PBXNativeTarget section */

/* Begin PBXProject section */
		6E9E237D23DD6B7800EDFEA9 /* Project object */ = {
			isa = PBXProject;
			attributes = {
				LastSwiftUpdateCheck = 1130;
				LastUpgradeCheck = 1130;
				ORGANIZATIONNAME = "Kunal Gupta";
				TargetAttributes = {
					6E9E238423DD6B7800EDFEA9 = {
						CreatedOnToolsVersion = 11.3;
					};
				};
			};
			buildConfigurationList = 6E9E238023DD6B7800EDFEA9 /* Build configuration list for PBXProject "DropboxSDKIntegration" */;
			compatibilityVersion = "Xcode 9.3";
			developmentRegion = en;
			hasScannedForEncodings = 0;
			knownRegions = (
				en,
				Base,
			);
			mainGroup = 6E9E237C23DD6B7800EDFEA9;
			productRefGroup = 6E9E238623DD6B7800EDFEA9 /* Products */;
			projectDirPath = "";
			projectRoot = "";
			targets = (
				6E9E238423DD6B7800EDFEA9 /* DropboxSDKIntegration */,
			);
		};
/* End PBXProject section */

/* Begin PBXResourcesBuildPhase section */
		6E9E238323DD6B7800EDFEA9 /* Resources */ = {
			isa = PBXResourcesBuildPhase;
			buildActionMask = 2147483647;
			files = (
				6E9E23A823DD6E4C00EDFEA9 /* Bridging-Header.h in Resources */,
				6E9E239523DD6B7900EDFEA9 /* LaunchScreen.storyboard in Resources */,
				6E9E23A123DD6C7800EDFEA9 /* DBChooser.bundle in Resources */,
				6E9E239223DD6B7900EDFEA9 /* Assets.xcassets in Resources */,
				6E9E239023DD6B7800EDFEA9 /* Main.storyboard in Resources */,
			);
			runOnlyForDeploymentPostprocessing = 0;
		};
/* End PBXResourcesBuildPhase section */

/* Begin PBXSourcesBuildPhase section */
		6E9E238123DD6B7800EDFEA9 /* Sources */ = {
			isa = PBXSourcesBuildPhase;
			buildActionMask = 2147483647;
			files = (
				6E9E238D23DD6B7800EDFEA9 /* ViewController.swift in Sources */,
				6E1DB83423DF47CF006A5875 /* URLExtensions.swift in Sources */,
				6E1DB83623DF4975006A5875 /* StringExtension.swift in Sources */,
				6E9E238923DD6B7800EDFEA9 /* AppDelegate.swift in Sources */,
			);
			runOnlyForDeploymentPostprocessing = 0;
		};
/* End PBXSourcesBuildPhase section */

/* Begin PBXVariantGroup section */
		6E9E238E23DD6B7800EDFEA9 /* Main.storyboard */ = {
			isa = PBXVariantGroup;
			children = (
				6E9E238F23DD6B7800EDFEA9 /* Base */,
			);
			name = Main.storyboard;
			sourceTree = "<group>";
		};
		6E9E239323DD6B7900EDFEA9 /* LaunchScreen.storyboard */ = {
			isa = PBXVariantGroup;
			children = (
				6E9E239423DD6B7900EDFEA9 /* Base */,
			);
			name = LaunchScreen.storyboard;
			sourceTree = "<group>";
		};
/* End PBXVariantGroup section */

/* Begin XCBuildConfiguration section */
		6E9E239723DD6B7900EDFEA9 /* Debug */ = {
			isa = XCBuildConfiguration;
			buildSettings = {
				ALWAYS_SEARCH_USER_PATHS = NO;
				CLANG_ANALYZER_NONNULL = YES;
				CLANG_ANALYZER_NUMBER_OBJECT_CONVERSION = YES_AGGRESSIVE;
				CLANG_CXX_LANGUAGE_STANDARD = "gnu++14";
				CLANG_CXX_LIBRARY = "libc++";
				CLANG_ENABLE_MODULES = YES;
				CLANG_ENABLE_OBJC_ARC = YES;
				CLANG_ENABLE_OBJC_WEAK = YES;
				CLANG_WARN_BLOCK_CAPTURE_AUTORELEASING = YES;
				CLANG_WARN_BOOL_CONVERSION = YES;
				CLANG_WARN_COMMA = YES;
				CLANG_WARN_CONSTANT_CONVERSION = YES;
				CLANG_WARN_DEPRECATED_OBJC_IMPLEMENTATIONS = YES;
				CLANG_WARN_DIRECT_OBJC_ISA_USAGE = YES_ERROR;
				CLANG_WARN_DOCUMENTATION_COMMENTS = YES;
				CLANG_WARN_EMPTY_BODY = YES;
				CLANG_WARN_ENUM_CONVERSION = YES;
				CLANG_WARN_INFINITE_RECURSION = YES;
				CLANG_WARN_INT_CONVERSION = YES;
				CLANG_WARN_NON_LITERAL_NULL_CONVERSION = YES;
				CLANG_WARN_OBJC_IMPLICIT_RETAIN_SELF = YES;
				CLANG_WARN_OBJC_LITERAL_CONVERSION = YES;
				CLANG_WARN_OBJC_ROOT_CLASS = YES_ERROR;
				CLANG_WARN_RANGE_LOOP_ANALYSIS = YES;
				CLANG_WARN_STRICT_PROTOTYPES = YES;
				CLANG_WARN_SUSPICIOUS_MOVE = YES;
				CLANG_WARN_UNGUARDED_AVAILABILITY = YES_AGGRESSIVE;
				CLANG_WARN_UNREACHABLE_CODE = YES;
				CLANG_WARN__DUPLICATE_METHOD_MATCH = YES;
				COPY_PHASE_STRIP = NO;
				DEBUG_INFORMATION_FORMAT = dwarf;
				ENABLE_STRICT_OBJC_MSGSEND = YES;
				ENABLE_TESTABILITY = YES;
				GCC_C_LANGUAGE_STANDARD = gnu11;
				GCC_DYNAMIC_NO_PIC = NO;
				GCC_NO_COMMON_BLOCKS = YES;
				GCC_OPTIMIZATION_LEVEL = 0;
				GCC_PREPROCESSOR_DEFINITIONS = (
					"DEBUG=1",
					"$(inherited)",
				);
				GCC_WARN_64_TO_32_BIT_CONVERSION = YES;
				GCC_WARN_ABOUT_RETURN_TYPE = YES_ERROR;
				GCC_WARN_UNDECLARED_SELECTOR = YES;
				GCC_WARN_UNINITIALIZED_AUTOS = YES_AGGRESSIVE;
				GCC_WARN_UNUSED_FUNCTION = YES;
				GCC_WARN_UNUSED_VARIABLE = YES;
				IPHONEOS_DEPLOYMENT_TARGET = 13.2;
				MTL_ENABLE_DEBUG_INFO = INCLUDE_SOURCE;
				MTL_FAST_MATH = YES;
				ONLY_ACTIVE_ARCH = YES;
				SDKROOT = iphoneos;
				SWIFT_ACTIVE_COMPILATION_CONDITIONS = DEBUG;
				SWIFT_OPTIMIZATION_LEVEL = "-Onone";
			};
			name = Debug;
		};
		6E9E239823DD6B7900EDFEA9 /* Release */ = {
			isa = XCBuildConfiguration;
			buildSettings = {
				ALWAYS_SEARCH_USER_PATHS = NO;
				CLANG_ANALYZER_NONNULL = YES;
				CLANG_ANALYZER_NUMBER_OBJECT_CONVERSION = YES_AGGRESSIVE;
				CLANG_CXX_LANGUAGE_STANDARD = "gnu++14";
				CLANG_CXX_LIBRARY = "libc++";
				CLANG_ENABLE_MODULES = YES;
				CLANG_ENABLE_OBJC_ARC = YES;
				CLANG_ENABLE_OBJC_WEAK = YES;
				CLANG_WARN_BLOCK_CAPTURE_AUTORELEASING = YES;
				CLANG_WARN_BOOL_CONVERSION = YES;
				CLANG_WARN_COMMA = YES;
				CLANG_WARN_CONSTANT_CONVERSION = YES;
				CLANG_WARN_DEPRECATED_OBJC_IMPLEMENTATIONS = YES;
				CLANG_WARN_DIRECT_OBJC_ISA_USAGE = YES_ERROR;
				CLANG_WARN_DOCUMENTATION_COMMENTS = YES;
				CLANG_WARN_EMPTY_BODY = YES;
				CLANG_WARN_ENUM_CONVERSION = YES;
				CLANG_WARN_INFINITE_RECURSION = YES;
				CLANG_WARN_INT_CONVERSION = YES;
				CLANG_WARN_NON_LITERAL_NULL_CONVERSION = YES;
				CLANG_WARN_OBJC_IMPLICIT_RETAIN_SELF = YES;
				CLANG_WARN_OBJC_LITERAL_CONVERSION = YES;
				CLANG_WARN_OBJC_ROOT_CLASS = YES_ERROR;
				CLANG_WARN_RANGE_LOOP_ANALYSIS = YES;
				CLANG_WARN_STRICT_PROTOTYPES = YES;
				CLANG_WARN_SUSPICIOUS_MOVE = YES;
				CLANG_WARN_UNGUARDED_AVAILABILITY = YES_AGGRESSIVE;
				CLANG_WARN_UNREACHABLE_CODE = YES;
				CLANG_WARN__DUPLICATE_METHOD_MATCH = YES;
				COPY_PHASE_STRIP = NO;
				DEBUG_INFORMATION_FORMAT = "dwarf-with-dsym";
				ENABLE_NS_ASSERTIONS = NO;
				ENABLE_STRICT_OBJC_MSGSEND = YES;
				GCC_C_LANGUAGE_STANDARD = gnu11;
				GCC_NO_COMMON_BLOCKS = YES;
				GCC_WARN_64_TO_32_BIT_CONVERSION = YES;
				GCC_WARN_ABOUT_RETURN_TYPE = YES_ERROR;
				GCC_WARN_UNDECLARED_SELECTOR = YES;
				GCC_WARN_UNINITIALIZED_AUTOS = YES_AGGRESSIVE;
				GCC_WARN_UNUSED_FUNCTION = YES;
				GCC_WARN_UNUSED_VARIABLE = YES;
				IPHONEOS_DEPLOYMENT_TARGET = 13.2;
				MTL_ENABLE_DEBUG_INFO = NO;
				MTL_FAST_MATH = YES;
				SDKROOT = iphoneos;
				SWIFT_COMPILATION_MODE = wholemodule;
				SWIFT_OPTIMIZATION_LEVEL = "-O";
				VALIDATE_PRODUCT = YES;
			};
			name = Release;
		};
		6E9E239A23DD6B7900EDFEA9 /* Debug */ = {
			isa = XCBuildConfiguration;
			buildSettings = {
				ASSETCATALOG_COMPILER_APPICON_NAME = AppIcon;
				CODE_SIGN_STYLE = Automatic;
				DEVELOPMENT_TEAM = 9QT58N34Q7;
				ENABLE_BITCODE = NO;
				FRAMEWORK_SEARCH_PATHS = (
					"$(inherited)",
					"$(PROJECT_DIR)/DropboxSDKIntegration/Resources/Libraries",
				);
				INFOPLIST_FILE = "SupportingFiles//Info.plist";
				IPHONEOS_DEPLOYMENT_TARGET = 11.0;
				LD_RUNPATH_SEARCH_PATHS = (
					"$(inherited)",
					"@executable_path/Frameworks",
				);
				PRODUCT_BUNDLE_IDENTIFIER = com.ioskunal.DropboxSDKIntegration;
				PRODUCT_NAME = "$(TARGET_NAME)";
				SWIFT_OBJC_BRIDGING_HEADER = "SupportingFiles/Bridging-Header.h";
				SWIFT_VERSION = 5.0;
				TARGETED_DEVICE_FAMILY = "1,2";
			};
			name = Debug;
		};
		6E9E239B23DD6B7900EDFEA9 /* Release */ = {
			isa = XCBuildConfiguration;
			buildSettings = {
				ASSETCATALOG_COMPILER_APPICON_NAME = AppIcon;
				CODE_SIGN_STYLE = Automatic;
				DEVELOPMENT_TEAM = 9QT58N34Q7;
				ENABLE_BITCODE = NO;
				FRAMEWORK_SEARCH_PATHS = (
					"$(inherited)",
					"$(PROJECT_DIR)/DropboxSDKIntegration/Resources/Libraries",
				);
				INFOPLIST_FILE = "SupportingFiles//Info.plist";
				IPHONEOS_DEPLOYMENT_TARGET = 11.0;
				LD_RUNPATH_SEARCH_PATHS = (
					"$(inherited)",
					"@executable_path/Frameworks",
				);
				PRODUCT_BUNDLE_IDENTIFIER = com.ioskunal.DropboxSDKIntegration;
				PRODUCT_NAME = "$(TARGET_NAME)";
				SWIFT_OBJC_BRIDGING_HEADER = "SupportingFiles/Bridging-Header.h";
				SWIFT_VERSION = 5.0;
				TARGETED_DEVICE_FAMILY = "1,2";
			};
			name = Release;
		};
/* End XCBuildConfiguration section */

/* Begin XCConfigurationList section */
		6E9E238023DD6B7800EDFEA9 /* Build configuration list for PBXProject "DropboxSDKIntegration" */ = {
			isa = XCConfigurationList;
			buildConfigurations = (
				6E9E239723DD6B7900EDFEA9 /* Debug */,
				6E9E239823DD6B7900EDFEA9 /* Release */,
			);
			defaultConfigurationIsVisible = 0;
			defaultConfigurationName = Release;
		};
		6E9E239923DD6B7900EDFEA9 /* Build configuration list for PBXNativeTarget "DropboxSDKIntegration" */ = {
			isa = XCConfigurationList;
			buildConfigurations = (
				6E9E239A23DD6B7900EDFEA9 /* Debug */,
				6E9E239B23DD6B7900EDFEA9 /* Release */,
			);
			defaultConfigurationIsVisible = 0;
			defaultConfigurationName = Release;
		};
/* End XCConfigurationList section */
	};
	rootObject = 6E9E237D23DD6B7800EDFEA9 /* Project object */;
}
